// !$*UTF8*$!
{
	archiveVersion = 1;
	classes = {
	};
	objectVersion = 56;
	objects = {

/* Begin PBXBuildFile section */
		9C00075E2B55EC18002325DF /* spelling_bee_gameApp.swift in Sources */ = {isa = PBXBuildFile; fileRef = 9C00075D2B55EC18002325DF /* spelling_bee_gameApp.swift */; };
		9C0007622B55EC20002325DF /* Assets.xcassets in Resources */ = {isa = PBXBuildFile; fileRef = 9C0007612B55EC20002325DF /* Assets.xcassets */; };
		9C0007652B55EC20002325DF /* Preview Assets.xcassets in Resources */ = {isa = PBXBuildFile; fileRef = 9C0007642B55EC20002325DF /* Preview Assets.xcassets */; };
		9C00076F2B55EC20002325DF /* spelling_bee_gameTests.swift in Sources */ = {isa = PBXBuildFile; fileRef = 9C00076E2B55EC20002325DF /* spelling_bee_gameTests.swift */; };
		9C0007792B55EC21002325DF /* spelling_bee_gameUITests.swift in Sources */ = {isa = PBXBuildFile; fileRef = 9C0007782B55EC21002325DF /* spelling_bee_gameUITests.swift */; };
		9C00077B2B55EC21002325DF /* spelling_bee_gameUITestsLaunchTests.swift in Sources */ = {isa = PBXBuildFile; fileRef = 9C00077A2B55EC21002325DF /* spelling_bee_gameUITestsLaunchTests.swift */; };
		9C0007A22B56AC05002325DF /* constants.swift in Sources */ = {isa = PBXBuildFile; fileRef = 9C0007A12B56AC05002325DF /* constants.swift */; };
		9CBBEBA32B5DE135009E366D /* RootView.swift in Sources */ = {isa = PBXBuildFile; fileRef = 9CBBEBA22B5DE135009E366D /* RootView.swift */; };
		9CBBEBA52B5DEA55009E366D /* GameTitleView.swift in Sources */ = {isa = PBXBuildFile; fileRef = 9CBBEBA42B5DEA55009E366D /* GameTitleView.swift */; };
		9CBBEBA72B5DEB74009E366D /* CurrentScoreView.swift in Sources */ = {isa = PBXBuildFile; fileRef = 9CBBEBA62B5DEB74009E366D /* CurrentScoreView.swift */; };
		9CBBEBA92B5DF352009E366D /* FoundWordsView.swift in Sources */ = {isa = PBXBuildFile; fileRef = 9CBBEBA82B5DF352009E366D /* FoundWordsView.swift */; };
		9CBBEBAB2B5DF6CB009E366D /* CurrentLettersView.swift in Sources */ = {isa = PBXBuildFile; fileRef = 9CBBEBAA2B5DF6CB009E366D /* CurrentLettersView.swift */; };
		9CBBEBAD2B5DFD7D009E366D /* LettersButtonView.swift in Sources */ = {isa = PBXBuildFile; fileRef = 9CBBEBAC2B5DFD7D009E366D /* LettersButtonView.swift */; };
		9CBBEBAF2B5E0464009E366D /* KeyboardView.swift in Sources */ = {isa = PBXBuildFile; fileRef = 9CBBEBAE2B5E0463009E366D /* KeyboardView.swift */; };
		9CBBEBB32B5E3DCD009E366D /* ActionButtons.swift in Sources */ = {isa = PBXBuildFile; fileRef = 9CBBEBB22B5E3DCD009E366D /* ActionButtons.swift */; };
/* End PBXBuildFile section */

/* Begin PBXContainerItemProxy section */
		9C00076B2B55EC20002325DF /* PBXContainerItemProxy */ = {
			isa = PBXContainerItemProxy;
			containerPortal = 9C0007522B55EC17002325DF /* Project object */;
			proxyType = 1;
			remoteGlobalIDString = 9C0007592B55EC18002325DF;
			remoteInfo = spelling_bee_game;
		};
		9C0007752B55EC20002325DF /* PBXContainerItemProxy */ = {
			isa = PBXContainerItemProxy;
			containerPortal = 9C0007522B55EC17002325DF /* Project object */;
			proxyType = 1;
			remoteGlobalIDString = 9C0007592B55EC18002325DF;
			remoteInfo = spelling_bee_game;
		};
/* End PBXContainerItemProxy section */

/* Begin PBXFileReference section */
		9C00075A2B55EC18002325DF /* spelling_bee_game.app */ = {isa = PBXFileReference; explicitFileType = wrapper.application; includeInIndex = 0; path = spelling_bee_game.app; sourceTree = BUILT_PRODUCTS_DIR; };
		9C00075D2B55EC18002325DF /* spelling_bee_gameApp.swift */ = {isa = PBXFileReference; lastKnownFileType = sourcecode.swift; path = spelling_bee_gameApp.swift; sourceTree = "<group>"; };
		9C0007612B55EC20002325DF /* Assets.xcassets */ = {isa = PBXFileReference; lastKnownFileType = folder.assetcatalog; path = Assets.xcassets; sourceTree = "<group>"; };
		9C0007642B55EC20002325DF /* Preview Assets.xcassets */ = {isa = PBXFileReference; lastKnownFileType = folder.assetcatalog; path = "Preview Assets.xcassets"; sourceTree = "<group>"; };
		9C00076A2B55EC20002325DF /* spelling_bee_gameTests.xctest */ = {isa = PBXFileReference; explicitFileType = wrapper.cfbundle; includeInIndex = 0; path = spelling_bee_gameTests.xctest; sourceTree = BUILT_PRODUCTS_DIR; };
		9C00076E2B55EC20002325DF /* spelling_bee_gameTests.swift */ = {isa = PBXFileReference; lastKnownFileType = sourcecode.swift; path = spelling_bee_gameTests.swift; sourceTree = "<group>"; };
		9C0007742B55EC20002325DF /* spelling_bee_gameUITests.xctest */ = {isa = PBXFileReference; explicitFileType = wrapper.cfbundle; includeInIndex = 0; path = spelling_bee_gameUITests.xctest; sourceTree = BUILT_PRODUCTS_DIR; };
		9C0007782B55EC21002325DF /* spelling_bee_gameUITests.swift */ = {isa = PBXFileReference; lastKnownFileType = sourcecode.swift; path = spelling_bee_gameUITests.swift; sourceTree = "<group>"; };
		9C00077A2B55EC21002325DF /* spelling_bee_gameUITestsLaunchTests.swift */ = {isa = PBXFileReference; lastKnownFileType = sourcecode.swift; path = spelling_bee_gameUITestsLaunchTests.swift; sourceTree = "<group>"; };
		9C0007A12B56AC05002325DF /* constants.swift */ = {isa = PBXFileReference; lastKnownFileType = sourcecode.swift; path = constants.swift; sourceTree = "<group>"; };
		9CBBEBA22B5DE135009E366D /* RootView.swift */ = {isa = PBXFileReference; lastKnownFileType = sourcecode.swift; path = RootView.swift; sourceTree = "<group>"; };
		9CBBEBA42B5DEA55009E366D /* GameTitleView.swift */ = {isa = PBXFileReference; lastKnownFileType = sourcecode.swift; path = GameTitleView.swift; sourceTree = "<group>"; };
		9CBBEBA62B5DEB74009E366D /* CurrentScoreView.swift */ = {isa = PBXFileReference; lastKnownFileType = sourcecode.swift; path = CurrentScoreView.swift; sourceTree = "<group>"; };
		9CBBEBA82B5DF352009E366D /* FoundWordsView.swift */ = {isa = PBXFileReference; lastKnownFileType = sourcecode.swift; path = FoundWordsView.swift; sourceTree = "<group>"; };
		9CBBEBAA2B5DF6CB009E366D /* CurrentLettersView.swift */ = {isa = PBXFileReference; lastKnownFileType = sourcecode.swift; path = CurrentLettersView.swift; sourceTree = "<group>"; };
		9CBBEBAC2B5DFD7D009E366D /* LettersButtonView.swift */ = {isa = PBXFileReference; lastKnownFileType = sourcecode.swift; path = LettersButtonView.swift; sourceTree = "<group>"; };
		9CBBEBAE2B5E0463009E366D /* KeyboardView.swift */ = {isa = PBXFileReference; lastKnownFileType = sourcecode.swift; path = KeyboardView.swift; sourceTree = "<group>"; };
		9CBBEBB22B5E3DCD009E366D /* ActionButtons.swift */ = {isa = PBXFileReference; lastKnownFileType = sourcecode.swift; path = ActionButtons.swift; sourceTree = "<group>"; };
/* End PBXFileReference section */

/* Begin PBXFrameworksBuildPhase section */
		9C0007572B55EC18002325DF /* Frameworks */ = {
			isa = PBXFrameworksBuildPhase;
			buildActionMask = 2147483647;
			files = (
			);
			runOnlyForDeploymentPostprocessing = 0;
		};
		9C0007672B55EC20002325DF /* Frameworks */ = {
			isa = PBXFrameworksBuildPhase;
			buildActionMask = 2147483647;
			files = (
			);
			runOnlyForDeploymentPostprocessing = 0;
		};
		9C0007712B55EC20002325DF /* Frameworks */ = {
			isa = PBXFrameworksBuildPhase;
			buildActionMask = 2147483647;
			files = (
			);
			runOnlyForDeploymentPostprocessing = 0;
		};
/* End PBXFrameworksBuildPhase section */

/* Begin PBXGroup section */
		9C0007512B55EC17002325DF = {
			isa = PBXGroup;
			children = (
				9C00075C2B55EC18002325DF /* spelling_bee_game */,
				9C00076D2B55EC20002325DF /* spelling_bee_gameTests */,
				9C0007772B55EC21002325DF /* spelling_bee_gameUITests */,
				9C00075B2B55EC18002325DF /* Products */,
			);
			sourceTree = "<group>";
		};
		9C00075B2B55EC18002325DF /* Products */ = {
			isa = PBXGroup;
			children = (
				9C00075A2B55EC18002325DF /* spelling_bee_game.app */,
				9C00076A2B55EC20002325DF /* spelling_bee_gameTests.xctest */,
				9C0007742B55EC20002325DF /* spelling_bee_gameUITests.xctest */,
			);
			name = Products;
			sourceTree = "<group>";
		};
		9C00075C2B55EC18002325DF /* spelling_bee_game */ = {
			isa = PBXGroup;
			children = (
				9CBBEBA12B5DDDB2009E366D /* Model */,
				9CBBEBA02B5DDDA5009E366D /* ViewModel */,
				9CBBEB9E2B5DDD8B009E366D /* Views */,
				9C00075D2B55EC18002325DF /* spelling_bee_gameApp.swift */,
				9C0007612B55EC20002325DF /* Assets.xcassets */,
				9C0007632B55EC20002325DF /* Preview Content */,
				9C0007A12B56AC05002325DF /* constants.swift */,
			);
			path = spelling_bee_game;
			sourceTree = "<group>";
		};
		9C0007632B55EC20002325DF /* Preview Content */ = {
			isa = PBXGroup;
			children = (
				9C0007642B55EC20002325DF /* Preview Assets.xcassets */,
			);
			path = "Preview Content";
			sourceTree = "<group>";
		};
		9C00076D2B55EC20002325DF /* spelling_bee_gameTests */ = {
			isa = PBXGroup;
			children = (
				9C00076E2B55EC20002325DF /* spelling_bee_gameTests.swift */,
			);
			path = spelling_bee_gameTests;
			sourceTree = "<group>";
		};
		9C0007772B55EC21002325DF /* spelling_bee_gameUITests */ = {
			isa = PBXGroup;
			children = (
				9C0007782B55EC21002325DF /* spelling_bee_gameUITests.swift */,
				9C00077A2B55EC21002325DF /* spelling_bee_gameUITestsLaunchTests.swift */,
			);
			path = spelling_bee_gameUITests;
			sourceTree = "<group>";
		};
		9CBBEB9E2B5DDD8B009E366D /* Views */ = {
			isa = PBXGroup;
			children = (
				9CBBEBA22B5DE135009E366D /* RootView.swift */,
				9CBBEBA42B5DEA55009E366D /* GameTitleView.swift */,
				9CBBEBA62B5DEB74009E366D /* CurrentScoreView.swift */,
				9CBBEBA82B5DF352009E366D /* FoundWordsView.swift */,
				9CBBEBAA2B5DF6CB009E366D /* CurrentLettersView.swift */,
				9CBBEBAC2B5DFD7D009E366D /* LettersButtonView.swift */,
				9CBBEBAE2B5E0463009E366D /* KeyboardView.swift */,
				9CBBEBB22B5E3DCD009E366D /* ActionButtons.swift */,
			);
			path = Views;
			sourceTree = "<group>";
		};
		9CBBEBA02B5DDDA5009E366D /* ViewModel */ = {
			isa = PBXGroup;
			children = (
			);
			path = ViewModel;
			sourceTree = "<group>";
		};
		9CBBEBA12B5DDDB2009E366D /* Model */ = {
			isa = PBXGroup;
			children = (
			);
			path = Model;
			sourceTree = "<group>";
		};
/* End PBXGroup section */

/* Begin PBXNativeTarget section */
		9C0007592B55EC18002325DF /* spelling_bee_game */ = {
			isa = PBXNativeTarget;
			buildConfigurationList = 9C00077E2B55EC21002325DF /* Build configuration list for PBXNativeTarget "spelling_bee_game" */;
			buildPhases = (
				9C0007562B55EC18002325DF /* Sources */,
				9C0007572B55EC18002325DF /* Frameworks */,
				9C0007582B55EC18002325DF /* Resources */,
			);
			buildRules = (
			);
			dependencies = (
			);
			name = spelling_bee_game;
			productName = spelling_bee_game;
			productReference = 9C00075A2B55EC18002325DF /* spelling_bee_game.app */;
			productType = "com.apple.product-type.application";
		};
		9C0007692B55EC20002325DF /* spelling_bee_gameTests */ = {
			isa = PBXNativeTarget;
			buildConfigurationList = 9C0007812B55EC21002325DF /* Build configuration list for PBXNativeTarget "spelling_bee_gameTests" */;
			buildPhases = (
				9C0007662B55EC20002325DF /* Sources */,
				9C0007672B55EC20002325DF /* Frameworks */,
				9C0007682B55EC20002325DF /* Resources */,
			);
			buildRules = (
			);
			dependencies = (
				9C00076C2B55EC20002325DF /* PBXTargetDependency */,
			);
			name = spelling_bee_gameTests;
			productName = spelling_bee_gameTests;
			productReference = 9C00076A2B55EC20002325DF /* spelling_bee_gameTests.xctest */;
			productType = "com.apple.product-type.bundle.unit-test";
		};
		9C0007732B55EC20002325DF /* spelling_bee_gameUITests */ = {
			isa = PBXNativeTarget;
			buildConfigurationList = 9C0007842B55EC21002325DF /* Build configuration list for PBXNativeTarget "spelling_bee_gameUITests" */;
			buildPhases = (
				9C0007702B55EC20002325DF /* Sources */,
				9C0007712B55EC20002325DF /* Frameworks */,
				9C0007722B55EC20002325DF /* Resources */,
			);
			buildRules = (
			);
			dependencies = (
				9C0007762B55EC20002325DF /* PBXTargetDependency */,
			);
			name = spelling_bee_gameUITests;
			productName = spelling_bee_gameUITests;
			productReference = 9C0007742B55EC20002325DF /* spelling_bee_gameUITests.xctest */;
			productType = "com.apple.product-type.bundle.ui-testing";
		};
/* End PBXNativeTarget section */

/* Begin PBXProject section */
		9C0007522B55EC17002325DF /* Project object */ = {
			isa = PBXProject;
			attributes = {
				BuildIndependentTargetsInParallel = 1;
				LastSwiftUpdateCheck = 1520;
				LastUpgradeCheck = 1520;
				TargetAttributes = {
					9C0007592B55EC18002325DF = {
						CreatedOnToolsVersion = 15.2;
					};
					9C0007692B55EC20002325DF = {
						CreatedOnToolsVersion = 15.2;
						TestTargetID = 9C0007592B55EC18002325DF;
					};
					9C0007732B55EC20002325DF = {
						CreatedOnToolsVersion = 15.2;
						TestTargetID = 9C0007592B55EC18002325DF;
					};
				};
			};
			buildConfigurationList = 9C0007552B55EC17002325DF /* Build configuration list for PBXProject "spelling_bee_game" */;
			compatibilityVersion = "Xcode 14.0";
			developmentRegion = en;
			hasScannedForEncodings = 0;
			knownRegions = (
				en,
				Base,
			);
			mainGroup = 9C0007512B55EC17002325DF;
			productRefGroup = 9C00075B2B55EC18002325DF /* Products */;
			projectDirPath = "";
			projectRoot = "";
			targets = (
				9C0007592B55EC18002325DF /* spelling_bee_game */,
				9C0007692B55EC20002325DF /* spelling_bee_gameTests */,
				9C0007732B55EC20002325DF /* spelling_bee_gameUITests */,
			);
		};
/* End PBXProject section */

/* Begin PBXResourcesBuildPhase section */
		9C0007582B55EC18002325DF /* Resources */ = {
			isa = PBXResourcesBuildPhase;
			buildActionMask = 2147483647;
			files = (
				9C0007652B55EC20002325DF /* Preview Assets.xcassets in Resources */,
				9C0007622B55EC20002325DF /* Assets.xcassets in Resources */,
			);
			runOnlyForDeploymentPostprocessing = 0;
		};
		9C0007682B55EC20002325DF /* Resources */ = {
			isa = PBXResourcesBuildPhase;
			buildActionMask = 2147483647;
			files = (
			);
			runOnlyForDeploymentPostprocessing = 0;
		};
		9C0007722B55EC20002325DF /* Resources */ = {
			isa = PBXResourcesBuildPhase;
			buildActionMask = 2147483647;
			files = (
			);
			runOnlyForDeploymentPostprocessing = 0;
		};
/* End PBXResourcesBuildPhase section */

/* Begin PBXSourcesBuildPhase section */
		9C0007562B55EC18002325DF /* Sources */ = {
			isa = PBXSourcesBuildPhase;
			buildActionMask = 2147483647;
			files = (
				9CBBEBA32B5DE135009E366D /* RootView.swift in Sources */,
				9CBBEBA92B5DF352009E366D /* FoundWordsView.swift in Sources */,
				9CBBEBB32B5E3DCD009E366D /* ActionButtons.swift in Sources */,
				9CBBEBAB2B5DF6CB009E366D /* CurrentLettersView.swift in Sources */,
				9CBBEBA72B5DEB74009E366D /* CurrentScoreView.swift in Sources */,
				9C00075E2B55EC18002325DF /* spelling_bee_gameApp.swift in Sources */,
				9C0007A22B56AC05002325DF /* constants.swift in Sources */,
				9CBBEBAF2B5E0464009E366D /* KeyboardView.swift in Sources */,
				9CBBEBAD2B5DFD7D009E366D /* LettersButtonView.swift in Sources */,
				9CBBEBA52B5DEA55009E366D /* GameTitleView.swift in Sources */,
			);
			runOnlyForDeploymentPostprocessing = 0;
		};
		9C0007662B55EC20002325DF /* Sources */ = {
			isa = PBXSourcesBuildPhase;
			buildActionMask = 2147483647;
			files = (
				9C00076F2B55EC20002325DF /* spelling_bee_gameTests.swift in Sources */,
			);
			runOnlyForDeploymentPostprocessing = 0;
		};
		9C0007702B55EC20002325DF /* Sources */ = {
			isa = PBXSourcesBuildPhase;
			buildActionMask = 2147483647;
			files = (
				9C0007792B55EC21002325DF /* spelling_bee_gameUITests.swift in Sources */,
				9C00077B2B55EC21002325DF /* spelling_bee_gameUITestsLaunchTests.swift in Sources */,
			);
			runOnlyForDeploymentPostprocessing = 0;
		};
/* End PBXSourcesBuildPhase section */

/* Begin PBXTargetDependency section */
		9C00076C2B55EC20002325DF /* PBXTargetDependency */ = {
			isa = PBXTargetDependency;
			target = 9C0007592B55EC18002325DF /* spelling_bee_game */;
			targetProxy = 9C00076B2B55EC20002325DF /* PBXContainerItemProxy */;
		};
		9C0007762B55EC20002325DF /* PBXTargetDependency */ = {
			isa = PBXTargetDependency;
			target = 9C0007592B55EC18002325DF /* spelling_bee_game */;
			targetProxy = 9C0007752B55EC20002325DF /* PBXContainerItemProxy */;
		};
/* End PBXTargetDependency section */

/* Begin XCBuildConfiguration section */
		9C00077C2B55EC21002325DF /* Debug */ = {
			isa = XCBuildConfiguration;
			buildSettings = {
				ALWAYS_SEARCH_USER_PATHS = NO;
				ASSETCATALOG_COMPILER_GENERATE_SWIFT_ASSET_SYMBOL_EXTENSIONS = YES;
				CLANG_ANALYZER_NONNULL = YES;
				CLANG_ANALYZER_NUMBER_OBJECT_CONVERSION = YES_AGGRESSIVE;
				CLANG_CXX_LANGUAGE_STANDARD = "gnu++20";
				CLANG_ENABLE_MODULES = YES;
				CLANG_ENABLE_OBJC_ARC = YES;
				CLANG_ENABLE_OBJC_WEAK = YES;
				CLANG_WARN_BLOCK_CAPTURE_AUTORELEASING = YES;
				CLANG_WARN_BOOL_CONVERSION = YES;
				CLANG_WARN_COMMA = YES;
				CLANG_WARN_CONSTANT_CONVERSION = YES;
				CLANG_WARN_DEPRECATED_OBJC_IMPLEMENTATIONS = YES;
				CLANG_WARN_DIRECT_OBJC_ISA_USAGE = YES_ERROR;
				CLANG_WARN_DOCUMENTATION_COMMENTS = YES;
				CLANG_WARN_EMPTY_BODY = YES;
				CLANG_WARN_ENUM_CONVERSION = YES;
				CLANG_WARN_INFINITE_RECURSION = YES;
				CLANG_WARN_INT_CONVERSION = YES;
				CLANG_WARN_NON_LITERAL_NULL_CONVERSION = YES;
				CLANG_WARN_OBJC_IMPLICIT_RETAIN_SELF = YES;
				CLANG_WARN_OBJC_LITERAL_CONVERSION = YES;
				CLANG_WARN_OBJC_ROOT_CLASS = YES_ERROR;
				CLANG_WARN_QUOTED_INCLUDE_IN_FRAMEWORK_HEADER = YES;
				CLANG_WARN_RANGE_LOOP_ANALYSIS = YES;
				CLANG_WARN_STRICT_PROTOTYPES = YES;
				CLANG_WARN_SUSPICIOUS_MOVE = YES;
				CLANG_WARN_UNGUARDED_AVAILABILITY = YES_AGGRESSIVE;
				CLANG_WARN_UNREACHABLE_CODE = YES;
				CLANG_WARN__DUPLICATE_METHOD_MATCH = YES;
				COPY_PHASE_STRIP = NO;
				DEBUG_INFORMATION_FORMAT = dwarf;
				ENABLE_STRICT_OBJC_MSGSEND = YES;
				ENABLE_TESTABILITY = YES;
				ENABLE_USER_SCRIPT_SANDBOXING = YES;
				GCC_C_LANGUAGE_STANDARD = gnu17;
				GCC_DYNAMIC_NO_PIC = NO;
				GCC_NO_COMMON_BLOCKS = YES;
				GCC_OPTIMIZATION_LEVEL = 0;
				GCC_PREPROCESSOR_DEFINITIONS = (
					"DEBUG=1",
					"$(inherited)",
				);
				GCC_WARN_64_TO_32_BIT_CONVERSION = YES;
				GCC_WARN_ABOUT_RETURN_TYPE = YES_ERROR;
				GCC_WARN_UNDECLARED_SELECTOR = YES;
				GCC_WARN_UNINITIALIZED_AUTOS = YES_AGGRESSIVE;
				GCC_WARN_UNUSED_FUNCTION = YES;
				GCC_WARN_UNUSED_VARIABLE = YES;
				IPHONEOS_DEPLOYMENT_TARGET = 17.2;
				LOCALIZATION_PREFERS_STRING_CATALOGS = YES;
				MTL_ENABLE_DEBUG_INFO = INCLUDE_SOURCE;
				MTL_FAST_MATH = YES;
				ONLY_ACTIVE_ARCH = YES;
				SDKROOT = iphoneos;
				SWIFT_ACTIVE_COMPILATION_CONDITIONS = "DEBUG $(inherited)";
				SWIFT_OPTIMIZATION_LEVEL = "-Onone";
			};
			name = Debug;
		};
		9C00077D2B55EC21002325DF /* Release */ = {
			isa = XCBuildConfiguration;
			buildSettings = {
				ALWAYS_SEARCH_USER_PATHS = NO;
				ASSETCATALOG_COMPILER_GENERATE_SWIFT_ASSET_SYMBOL_EXTENSIONS = YES;
				CLANG_ANALYZER_NONNULL = YES;
				CLANG_ANALYZER_NUMBER_OBJECT_CONVERSION = YES_AGGRESSIVE;
				CLANG_CXX_LANGUAGE_STANDARD = "gnu++20";
				CLANG_ENABLE_MODULES = YES;
				CLANG_ENABLE_OBJC_ARC = YES;
				CLANG_ENABLE_OBJC_WEAK = YES;
				CLANG_WARN_BLOCK_CAPTURE_AUTORELEASING = YES;
				CLANG_WARN_BOOL_CONVERSION = YES;
				CLANG_WARN_COMMA = YES;
				CLANG_WARN_CONSTANT_CONVERSION = YES;
				CLANG_WARN_DEPRECATED_OBJC_IMPLEMENTATIONS = YES;
				CLANG_WARN_DIRECT_OBJC_ISA_USAGE = YES_ERROR;
				CLANG_WARN_DOCUMENTATION_COMMENTS = YES;
				CLANG_WARN_EMPTY_BODY = YES;
				CLANG_WARN_ENUM_CONVERSION = YES;
				CLANG_WARN_INFINITE_RECURSION = YES;
				CLANG_WARN_INT_CONVERSION = YES;
				CLANG_WARN_NON_LITERAL_NULL_CONVERSION = YES;
				CLANG_WARN_OBJC_IMPLICIT_RETAIN_SELF = YES;
				CLANG_WARN_OBJC_LITERAL_CONVERSION = YES;
				CLANG_WARN_OBJC_ROOT_CLASS = YES_ERROR;
				CLANG_WARN_QUOTED_INCLUDE_IN_FRAMEWORK_HEADER = YES;
				CLANG_WARN_RANGE_LOOP_ANALYSIS = YES;
				CLANG_WARN_STRICT_PROTOTYPES = YES;
				CLANG_WARN_SUSPICIOUS_MOVE = YES;
				CLANG_WARN_UNGUARDED_AVAILABILITY = YES_AGGRESSIVE;
				CLANG_WARN_UNREACHABLE_CODE = YES;
				CLANG_WARN__DUPLICATE_METHOD_MATCH = YES;
				COPY_PHASE_STRIP = NO;
				DEBUG_INFORMATION_FORMAT = "dwarf-with-dsym";
				ENABLE_NS_ASSERTIONS = NO;
				ENABLE_STRICT_OBJC_MSGSEND = YES;
				ENABLE_USER_SCRIPT_SANDBOXING = YES;
				GCC_C_LANGUAGE_STANDARD = gnu17;
				GCC_NO_COMMON_BLOCKS = YES;
				GCC_WARN_64_TO_32_BIT_CONVERSION = YES;
				GCC_WARN_ABOUT_RETURN_TYPE = YES_ERROR;
				GCC_WARN_UNDECLARED_SELECTOR = YES;
				GCC_WARN_UNINITIALIZED_AUTOS = YES_AGGRESSIVE;
				GCC_WARN_UNUSED_FUNCTION = YES;
				GCC_WARN_UNUSED_VARIABLE = YES;
				IPHONEOS_DEPLOYMENT_TARGET = 17.2;
				LOCALIZATION_PREFERS_STRING_CATALOGS = YES;
				MTL_ENABLE_DEBUG_INFO = NO;
				MTL_FAST_MATH = YES;
				SDKROOT = iphoneos;
				SWIFT_COMPILATION_MODE = wholemodule;
				VALIDATE_PRODUCT = YES;
			};
			name = Release;
		};
		9C00077F2B55EC21002325DF /* Debug */ = {
			isa = XCBuildConfiguration;
			buildSettings = {
				ASSETCATALOG_COMPILER_APPICON_NAME = AppIcon;
				ASSETCATALOG_COMPILER_GLOBAL_ACCENT_COLOR_NAME = AccentColor;
				CODE_SIGN_STYLE = Automatic;
				CURRENT_PROJECT_VERSION = 1;
				DEVELOPMENT_ASSET_PATHS = "\"spelling_bee_game/Preview Content\"";
				DEVELOPMENT_TEAM = AC89BD77SC;
				ENABLE_PREVIEWS = YES;
				GENERATE_INFOPLIST_FILE = YES;
				INFOPLIST_KEY_UIApplicationSceneManifest_Generation = YES;
				INFOPLIST_KEY_UIApplicationSupportsIndirectInputEvents = YES;
				INFOPLIST_KEY_UILaunchScreen_Generation = YES;
				INFOPLIST_KEY_UISupportedInterfaceOrientations_iPad = "UIInterfaceOrientationPortrait UIInterfaceOrientationPortraitUpsideDown UIInterfaceOrientationLandscapeLeft UIInterfaceOrientationLandscapeRight";
				INFOPLIST_KEY_UISupportedInterfaceOrientations_iPhone = "UIInterfaceOrientationPortrait UIInterfaceOrientationLandscapeLeft UIInterfaceOrientationLandscapeRight";
				LD_RUNPATH_SEARCH_PATHS = (
					"$(inherited)",
					"@executable_path/Frameworks",
				);
				MARKETING_VERSION = 1.0;
				PRODUCT_BUNDLE_IDENTIFIER = "edu.psu.rps5836.spelling-bee-game";
				PRODUCT_NAME = "$(TARGET_NAME)";
				SWIFT_EMIT_LOC_STRINGS = YES;
				SWIFT_VERSION = 5.0;
				TARGETED_DEVICE_FAMILY = "1,2";
			};
			name = Debug;
		};
		9C0007802B55EC21002325DF /* Release */ = {
			isa = XCBuildConfiguration;
			buildSettings = {
				ASSETCATALOG_COMPILER_APPICON_NAME = AppIcon;
				ASSETCATALOG_COMPILER_GLOBAL_ACCENT_COLOR_NAME = AccentColor;
				CODE_SIGN_STYLE = Automatic;
				CURRENT_PROJECT_VERSION = 1;
				DEVELOPMENT_ASSET_PATHS = "\"spelling_bee_game/Preview Content\"";
				DEVELOPMENT_TEAM = AC89BD77SC;
				ENABLE_PREVIEWS = YES;
				GENERATE_INFOPLIST_FILE = YES;
				INFOPLIST_KEY_UIApplicationSceneManifest_Generation = YES;
				INFOPLIST_KEY_UIApplicationSupportsIndirectInputEvents = YES;
				INFOPLIST_KEY_UILaunchScreen_Generation = YES;
				INFOPLIST_KEY_UISupportedInterfaceOrientations_iPad = "UIInterfaceOrientationPortrait UIInterfaceOrientationPortraitUpsideDown UIInterfaceOrientationLandscapeLeft UIInterfaceOrientationLandscapeRight";
				INFOPLIST_KEY_UISupportedInterfaceOrientations_iPhone = "UIInterfaceOrientationPortrait UIInterfaceOrientationLandscapeLeft UIInterfaceOrientationLandscapeRight";
				LD_RUNPATH_SEARCH_PATHS = (
					"$(inherited)",
					"@executable_path/Frameworks",
				);
				MARKETING_VERSION = 1.0;
				PRODUCT_BUNDLE_IDENTIFIER = "edu.psu.rps5836.spelling-bee-game";
				PRODUCT_NAME = "$(TARGET_NAME)";
				SWIFT_EMIT_LOC_STRINGS = YES;
				SWIFT_VERSION = 5.0;
				TARGETED_DEVICE_FAMILY = "1,2";
			};
			name = Release;
		};
		9C0007822B55EC21002325DF /* Debug */ = {
			isa = XCBuildConfiguration;
			buildSettings = {
				ALWAYS_EMBED_SWIFT_STANDARD_LIBRARIES = YES;
				BUNDLE_LOADER = "$(TEST_HOST)";
				CODE_SIGN_STYLE = Automatic;
				CURRENT_PROJECT_VERSION = 1;
				DEVELOPMENT_TEAM = AC89BD77SC;
				GENERATE_INFOPLIST_FILE = YES;
				IPHONEOS_DEPLOYMENT_TARGET = 17.2;
				MARKETING_VERSION = 1.0;
				PRODUCT_BUNDLE_IDENTIFIER = "edu.psu.rps5836.spelling-bee-gameTests";
				PRODUCT_NAME = "$(TARGET_NAME)";
				SWIFT_EMIT_LOC_STRINGS = NO;
				SWIFT_VERSION = 5.0;
				TARGETED_DEVICE_FAMILY = "1,2";
				TEST_HOST = "$(BUILT_PRODUCTS_DIR)/spelling_bee_game.app/$(BUNDLE_EXECUTABLE_FOLDER_PATH)/spelling_bee_game";
			};
			name = Debug;
		};
		9C0007832B55EC21002325DF /* Release */ = {
			isa = XCBuildConfiguration;
			buildSettings = {
				ALWAYS_EMBED_SWIFT_STANDARD_LIBRARIES = YES;
				BUNDLE_LOADER = "$(TEST_HOST)";
				CODE_SIGN_STYLE = Automatic;
				CURRENT_PROJECT_VERSION = 1;
				DEVELOPMENT_TEAM = AC89BD77SC;
				GENERATE_INFOPLIST_FILE = YES;
				IPHONEOS_DEPLOYMENT_TARGET = 17.2;
				MARKETING_VERSION = 1.0;
				PRODUCT_BUNDLE_IDENTIFIER = "edu.psu.rps5836.spelling-bee-gameTests";
				PRODUCT_NAME = "$(TARGET_NAME)";
				SWIFT_EMIT_LOC_STRINGS = NO;
				SWIFT_VERSION = 5.0;
				TARGETED_DEVICE_FAMILY = "1,2";
				TEST_HOST = "$(BUILT_PRODUCTS_DIR)/spelling_bee_game.app/$(BUNDLE_EXECUTABLE_FOLDER_PATH)/spelling_bee_game";
			};
			name = Release;
		};
		9C0007852B55EC21002325DF /* Debug */ = {
			isa = XCBuildConfiguration;
			buildSettings = {
				ALWAYS_EMBED_SWIFT_STANDARD_LIBRARIES = YES;
				CODE_SIGN_STYLE = Automatic;
				CURRENT_PROJECT_VERSION = 1;
				DEVELOPMENT_TEAM = AC89BD77SC;
				GENERATE_INFOPLIST_FILE = YES;
				MARKETING_VERSION = 1.0;
				PRODUCT_BUNDLE_IDENTIFIER = "edu.psu.rps5836.spelling-bee-gameUITests";
				PRODUCT_NAME = "$(TARGET_NAME)";
				SWIFT_EMIT_LOC_STRINGS = NO;
				SWIFT_VERSION = 5.0;
				TARGETED_DEVICE_FAMILY = "1,2";
				TEST_TARGET_NAME = spelling_bee_game;
			};
			name = Debug;
		};
		9C0007862B55EC21002325DF /* Release */ = {
			isa = XCBuildConfiguration;
			buildSettings = {
				ALWAYS_EMBED_SWIFT_STANDARD_LIBRARIES = YES;
				CODE_SIGN_STYLE = Automatic;
				CURRENT_PROJECT_VERSION = 1;
				DEVELOPMENT_TEAM = AC89BD77SC;
				GENERATE_INFOPLIST_FILE = YES;
				MARKETING_VERSION = 1.0;
				PRODUCT_BUNDLE_IDENTIFIER = "edu.psu.rps5836.spelling-bee-gameUITests";
				PRODUCT_NAME = "$(TARGET_NAME)";
				SWIFT_EMIT_LOC_STRINGS = NO;
				SWIFT_VERSION = 5.0;
				TARGETED_DEVICE_FAMILY = "1,2";
				TEST_TARGET_NAME = spelling_bee_game;
			};
			name = Release;
		};
/* End XCBuildConfiguration section */

/* Begin XCConfigurationList section */
		9C0007552B55EC17002325DF /* Build configuration list for PBXProject "spelling_bee_game" */ = {
			isa = XCConfigurationList;
			buildConfigurations = (
				9C00077C2B55EC21002325DF /* Debug */,
				9C00077D2B55EC21002325DF /* Release */,
			);
			defaultConfigurationIsVisible = 0;
			defaultConfigurationName = Release;
		};
		9C00077E2B55EC21002325DF /* Build configuration list for PBXNativeTarget "spelling_bee_game" */ = {
			isa = XCConfigurationList;
			buildConfigurations = (
				9C00077F2B55EC21002325DF /* Debug */,
				9C0007802B55EC21002325DF /* Release */,
			);
			defaultConfigurationIsVisible = 0;
			defaultConfigurationName = Release;
		};
		9C0007812B55EC21002325DF /* Build configuration list for PBXNativeTarget "spelling_bee_gameTests" */ = {
			isa = XCConfigurationList;
			buildConfigurations = (
				9C0007822B55EC21002325DF /* Debug */,
				9C0007832B55EC21002325DF /* Release */,
			);
			defaultConfigurationIsVisible = 0;
			defaultConfigurationName = Release;
		};
		9C0007842B55EC21002325DF /* Build configuration list for PBXNativeTarget "spelling_bee_gameUITests" */ = {
			isa = XCConfigurationList;
			buildConfigurations = (
				9C0007852B55EC21002325DF /* Debug */,
				9C0007862B55EC21002325DF /* Release */,
			);
			defaultConfigurationIsVisible = 0;
			defaultConfigurationName = Release;
		};
/* End XCConfigurationList section */
	};
	rootObject = 9C0007522B55EC17002325DF /* Project object */;
}
